
Microsoft Visual Studio Solution File, Format Version 12.00
# Visual Studio 2012
Project("{FAE04EC0-301F-11D3-BF4B-00C04F79EFBC}") = "Paginas", "Paginas\Paginas.csproj", "{9846C109-F655-4CE9-A34E-C97E590CC739}"
EndProject
Project("{FAE04EC0-301F-11D3-BF4B-00C04F79EFBC}") = "Paginas.iOS", "iOS\Paginas.iOS.csproj", "{3DE6FE13-78D7-4FFA-A541-51124B798E03}"
EndProject
Project("{FAE04EC0-301F-11D3-BF4B-00C04F79EFBC}") = "Paginas.Droid", "Droid\Paginas.Droid.csproj", "{79199132-1C19-4CE9-A0C0-26106D740FE5}"
EndProject
Project("{FAE04EC0-301F-11D3-BF4B-00C04F79EFBC}") = "Paginas.UITests", "UITests\Paginas.UITests.csproj", "{913347AB-B328-48EF-B47B-675E0C02FE2D}"
EndProject
Global
	GlobalSection(SolutionConfigurationPlatforms) = preSolution
		Debug|Any CPU = Debug|Any CPU
		Release|Any CPU = Release|Any CPU
		Debug|iPhoneSimulator = Debug|iPhoneSimulator
		Release|iPhone = Release|iPhone
		Release|iPhoneSimulator = Release|iPhoneSimulator
		Debug|iPhone = Debug|iPhone
	EndGlobalSection
	GlobalSection(ProjectConfigurationPlatforms) = postSolution
		{3DE6FE13-78D7-4FFA-A541-51124B798E03}.Debug|Any CPU.ActiveCfg = Debug|iPhoneSimulator
		{3DE6FE13-78D7-4FFA-A541-51124B798E03}.Debug|Any CPU.Build.0 = Debug|iPhoneSimulator
		{3DE6FE13-78D7-4FFA-A541-51124B798E03}.Debug|iPhone.ActiveCfg = Debug|iPhone
		{3DE6FE13-78D7-4FFA-A541-51124B798E03}.Debug|iPhone.Build.0 = Debug|iPhone
		{3DE6FE13-78D7-4FFA-A541-51124B798E03}.Debug|iPhoneSimulator.ActiveCfg = Debug|iPhoneSimulator
		{3DE6FE13-78D7-4FFA-A541-51124B798E03}.Debug|iPhoneSimulator.Build.0 = Debug|iPhoneSimulator
		{3DE6FE13-78D7-4FFA-A541-51124B798E03}.Release|Any CPU.ActiveCfg = Release|iPhone
		{3DE6FE13-78D7-4FFA-A541-51124B798E03}.Release|Any CPU.Build.0 = Release|iPhone
		{3DE6FE13-78D7-4FFA-A541-51124B798E03}.Release|iPhone.ActiveCfg = Release|iPhone
		{3DE6FE13-78D7-4FFA-A541-51124B798E03}.Release|iPhone.Build.0 = Release|iPhone
		{3DE6FE13-78D7-4FFA-A541-51124B798E03}.Release|iPhoneSimulator.ActiveCfg = Release|iPhoneSimulator
		{3DE6FE13-78D7-4FFA-A541-51124B798E03}.Release|iPhoneSimulator.Build.0 = Release|iPhoneSimulator
		{79199132-1C19-4CE9-A0C0-26106D740FE5}.Debug|Any CPU.ActiveCfg = Debug|Any CPU
		{79199132-1C19-4CE9-A0C0-26106D740FE5}.Debug|Any CPU.Build.0 = Debug|Any CPU
		{79199132-1C19-4CE9-A0C0-26106D740FE5}.Debug|iPhone.ActiveCfg = Debug|Any CPU
		{79199132-1C19-4CE9-A0C0-26106D740FE5}.Debug|iPhone.Build.0 = Debug|Any CPU
		{79199132-1C19-4CE9-A0C0-26106D740FE5}.Debug|iPhoneSimulator.ActiveCfg = Debug|Any CPU
		{79199132-1C19-4CE9-A0C0-26106D740FE5}.Debug|iPhoneSimulator.Build.0 = Debug|Any CPU
		{79199132-1C19-4CE9-A0C0-26106D740FE5}.Release|Any CPU.ActiveCfg = Release|Any CPU
		{79199132-1C19-4CE9-A0C0-26106D740FE5}.Release|Any CPU.Build.0 = Release|Any CPU
		{79199132-1C19-4CE9-A0C0-26106D740FE5}.Release|iPhone.ActiveCfg = Release|Any CPU
		{79199132-1C19-4CE9-A0C0-26106D740FE5}.Release|iPhone.Build.0 = Release|Any CPU
		{79199132-1C19-4CE9-A0C0-26106D740FE5}.Release|iPhoneSimulator.ActiveCfg = Release|Any CPU
		{79199132-1C19-4CE9-A0C0-26106D740FE5}.Release|iPhoneSimulator.Build.0 = Release|Any CPU
		{913347AB-B328-48EF-B47B-675E0C02FE2D}.Debug|Any CPU.ActiveCfg = Debug|Any CPU
		{913347AB-B328-48EF-B47B-675E0C02FE2D}.Debug|Any CPU.Build.0 = Debug|Any CPU
		{913347AB-B328-48EF-B47B-675E0C02FE2D}.Debug|iPhone.ActiveCfg = Debug|Any CPU
		{913347AB-B328-48EF-B47B-675E0C02FE2D}.Debug|iPhone.Build.0 = Debug|Any CPU
		{913347AB-B328-48EF-B47B-675E0C02FE2D}.Debug|iPhoneSimulator.ActiveCfg = Debug|Any CPU
		{913347AB-B328-48EF-B47B-675E0C02FE2D}.Debug|iPhoneSimulator.Build.0 = Debug|Any CPU
		{913347AB-B328-48EF-B47B-675E0C02FE2D}.Release|Any CPU.ActiveCfg = Release|Any CPU
		{913347AB-B328-48EF-B47B-675E0C02FE2D}.Release|Any CPU.Build.0 = Release|Any CPU
		{913347AB-B328-48EF-B47B-675E0C02FE2D}.Release|iPhone.ActiveCfg = Release|Any CPU
		{913347AB-B328-48EF-B47B-675E0C02FE2D}.Release|iPhone.Build.0 = Release|Any CPU
		{913347AB-B328-48EF-B47B-675E0C02FE2D}.Release|iPhoneSimulator.ActiveCfg = Release|Any CPU
		{913347AB-B328-48EF-B47B-675E0C02FE2D}.Release|iPhoneSimulator.Build.0 = Release|Any CPU
		{9846C109-F655-4CE9-A34E-C97E590CC739}.Debug|Any CPU.ActiveCfg = Debug|Any CPU
		{9846C109-F655-4CE9-A34E-C97E590CC739}.Debug|Any CPU.Build.0 = Debug|Any CPU
		{9846C109-F655-4CE9-A34E-C97E590CC739}.Debug|iPhone.ActiveCfg = Debug|Any CPU
		{9846C109-F655-4CE9-A34E-C97E590CC739}.Debug|iPhone.Build.0 = Debug|Any CPU
		{9846C109-F655-4CE9-A34E-C97E590CC739}.Debug|iPhoneSimulator.ActiveCfg = Debug|Any CPU
		{9846C109-F655-4CE9-A34E-C97E590CC739}.Debug|iPhoneSimulator.Build.0 = Debug|Any CPU
		{9846C109-F655-4CE9-A34E-C97E590CC739}.Release|Any CPU.ActiveCfg = Release|Any CPU
		{9846C109-F655-4CE9-A34E-C97E590CC739}.Release|Any CPU.Build.0 = Release|Any CPU
		{9846C109-F655-4CE9-A34E-C97E590CC739}.Release|iPhone.ActiveCfg = Release|Any CPU
		{9846C109-F655-4CE9-A34E-C97E590CC739}.Release|iPhone.Build.0 = Release|Any CPU
		{9846C109-F655-4CE9-A34E-C97E590CC739}.Release|iPhoneSimulator.ActiveCfg = Release|Any CPU
		{9846C109-F655-4CE9-A34E-C97E590CC739}.Release|iPhoneSimulator.Build.0 = Release|Any CPU
	EndGlobalSection
EndGlobal
